
Microsoft Visual Studio Solution File, Format Version 12.00
# Visual Studio Version 16
VisualStudioVersion = 16.0.30204.135
MinimumVisualStudioVersion = 10.0.40219.1
Project("{FAE04EC0-301F-11D3-BF4B-00C04F79EFBC}") = "TennisBookings.Web", "TennisBookings.Web\TennisBookings.Web.csproj", "{5678D32B-79FC-4D33-811C-8AC24E8B2327}"
EndProject
Project("{FAE04EC0-301F-11D3-BF4B-00C04F79EFBC}") = "TennisBookings.Web.Tests", "TennisBookings.Web.Tests\TennisBookings.Web.Tests.csproj", "{FDBF8260-47F4-4B39-AA6A-A4E7AD3C2896}"
EndProject
Global
	GlobalSection(SolutionConfigurationPlatforms) = preSolution
		Debug|Any CPU = Debug|Any CPU
		Release|Any CPU = Release|Any CPU
	EndGlobalSection
	GlobalSection(ProjectConfigurationPlatforms) = postSolution
		{5678D32B-79FC-4D33-811C-8AC24E8B2327}.Debug|Any CPU.ActiveCfg = Debug|Any CPU
		{5678D32B-79FC-4D33-811C-8AC24E8B2327}.Debug|Any CPU.Build.0 = Debug|Any CPU
		{5678D32B-79FC-4D33-811C-8AC24E8B2327}.Release|Any CPU.ActiveCfg = Release|Any CPU
		{5678D32B-79FC-4D33-811C-8AC24E8B2327}.Release|Any CPU.Build.0 = Release|Any CPU
		{FDBF8260-47F4-4B39-AA6A-A4E7AD3C2896}.Debug|Any CPU.ActiveCfg = Debug|Any CPU
		{FDBF8260-47F4-4B39-AA6A-A4E7AD3C2896}.Debug|Any CPU.Build.0 = Debug|Any CPU
		{FDBF8260-47F4-4B39-AA6A-A4E7AD3C2896}.Release|Any CPU.ActiveCfg = Release|Any CPU
		{FDBF8260-47F4-4B39-AA6A-A4E7AD3C2896}.Release|Any CPU.Build.0 = Release|Any CPU
	EndGlobalSection
	GlobalSection(SolutionProperties) = preSolution
		HideSolutionNode = FALSE
	EndGlobalSection
	GlobalSection(ExtensibilityGlobals) = postSolution
		SolutionGuid = {79188E04-3D01-4EE8-8744-39A9C122CEDF}
	EndGlobalSection
EndGlobal
